{
  "version": 4,
  "terraform_version": "1.2.7",
  "serial": 1,
  "lineage": "72d64055-8971-c2f5-8f99-95a6df28f6b8",
  "outputs": {},
  "resources": [
    {
      "mode": "managed",
      "type": "aws_vpc",
      "name": "mtc_vpc",
      "provider": "provider[\"registry.terraform.io/hashicorp/aws\"]",
      "instances": [
        {
          "schema_version": 1,
          "attributes": {
            "arn": "arn:aws:ec2:us-east-1:079467253171:vpc/vpc-0c2d1d1031457e53f",
            "assign_generated_ipv6_cidr_block": false,
            "cidr_block": "10.123.0.0/16",
            "default_network_acl_id": "acl-0bc2fbeb71ed4fa84",
            "default_route_table_id": "rtb-084ed45b98b3d6923",
            "default_security_group_id": "sg-0ea9ed682253c69de",
            "dhcp_options_id": "dopt-05728200aeebef27b",
            "enable_classiclink": false,
            "enable_classiclink_dns_support": false,
            "enable_dns_hostnames": true,
            "enable_dns_support": true,
            "enable_network_address_usage_metrics": false,
            "id": "vpc-0c2d1d1031457e53f",
            "instance_tenancy": "default",
            "ipv4_ipam_pool_id": null,
            "ipv4_netmask_length": null,
            "ipv6_association_id": "",
            "ipv6_cidr_block": "",
            "ipv6_cidr_block_network_border_group": "",
            "ipv6_ipam_pool_id": "",
            "ipv6_netmask_length": 0,
            "main_route_table_id": "rtb-084ed45b98b3d6923",
            "owner_id": "079467253171",
            "tags": {
              "Name": "mtc_vpc"
            },
            "tags_all": {
              "Name": "mtc_vpc"
            }
          },
          "sensitive_attributes": [],
          "private": "eyJzY2hlbWFfdmVyc2lvbiI6IjEifQ=="
        }
      ]
    }
  ]
}
